
Microsoft Visual Studio Solution File, Format Version 12.00
# Visual Studio Version 16
VisualStudioVersion = 16.0.30907.101
MinimumVisualStudioVersion = 10.0.40219.1
Project("{9A19103F-16F7-4668-BE54-9A1E7A4F7556}") = "Deloitte.ServiceNewsfeeds", "Deloitte.ServiceNewsfeeds\Deloitte.ServiceNewsfeeds.csproj", "{434D472F-884B-4F23-B1CE-9B6DD4FE7C1C}"
EndProject
Project("{9A19103F-16F7-4668-BE54-9A1E7A4F7556}") = "Deloitte.DataNewsfeeds", "Deloitte.DataNewsfeeds\Deloitte.DataNewsfeeds.csproj", "{AFDF4771-BEC8-45B1-AA47-53EEE165A7F6}"
EndProject
Project("{9A19103F-16F7-4668-BE54-9A1E7A4F7556}") = "Deloitte.UINewsfeeds", "Deloitte.UINewsfeeds\Deloitte.UINewsfeeds.csproj", "{1CEAEBFA-111E-4962-BE6C-22F2CE5C9673}"
EndProject
Project("{FAE04EC0-301F-11D3-BF4B-00C04F79EFBC}") = "Deloitte.Domain", "Deloitte.Domain\Deloitte.Domain.csproj", "{B2A1807F-184D-49F1-9418-8C6208C16625}"
EndProject
Global
	GlobalSection(SolutionConfigurationPlatforms) = preSolution
		Debug|Any CPU = Debug|Any CPU
		Release|Any CPU = Release|Any CPU
	EndGlobalSection
	GlobalSection(ProjectConfigurationPlatforms) = postSolution
		{434D472F-884B-4F23-B1CE-9B6DD4FE7C1C}.Debug|Any CPU.ActiveCfg = Debug|Any CPU
		{434D472F-884B-4F23-B1CE-9B6DD4FE7C1C}.Debug|Any CPU.Build.0 = Debug|Any CPU
		{434D472F-884B-4F23-B1CE-9B6DD4FE7C1C}.Release|Any CPU.ActiveCfg = Release|Any CPU
		{434D472F-884B-4F23-B1CE-9B6DD4FE7C1C}.Release|Any CPU.Build.0 = Release|Any CPU
		{AFDF4771-BEC8-45B1-AA47-53EEE165A7F6}.Debug|Any CPU.ActiveCfg = Debug|Any CPU
		{AFDF4771-BEC8-45B1-AA47-53EEE165A7F6}.Debug|Any CPU.Build.0 = Debug|Any CPU
		{AFDF4771-BEC8-45B1-AA47-53EEE165A7F6}.Release|Any CPU.ActiveCfg = Release|Any CPU
		{AFDF4771-BEC8-45B1-AA47-53EEE165A7F6}.Release|Any CPU.Build.0 = Release|Any CPU
		{1CEAEBFA-111E-4962-BE6C-22F2CE5C9673}.Debug|Any CPU.ActiveCfg = Debug|Any CPU
		{1CEAEBFA-111E-4962-BE6C-22F2CE5C9673}.Debug|Any CPU.Build.0 = Debug|Any CPU
		{1CEAEBFA-111E-4962-BE6C-22F2CE5C9673}.Release|Any CPU.ActiveCfg = Release|Any CPU
		{1CEAEBFA-111E-4962-BE6C-22F2CE5C9673}.Release|Any CPU.Build.0 = Release|Any CPU
		{B2A1807F-184D-49F1-9418-8C6208C16625}.Debug|Any CPU.ActiveCfg = Debug|Any CPU
		{B2A1807F-184D-49F1-9418-8C6208C16625}.Debug|Any CPU.Build.0 = Debug|Any CPU
		{B2A1807F-184D-49F1-9418-8C6208C16625}.Release|Any CPU.ActiveCfg = Release|Any CPU
		{B2A1807F-184D-49F1-9418-8C6208C16625}.Release|Any CPU.Build.0 = Release|Any CPU
	EndGlobalSection
	GlobalSection(SolutionProperties) = preSolution
		HideSolutionNode = FALSE
	EndGlobalSection
	GlobalSection(ExtensibilityGlobals) = postSolution
		SolutionGuid = {9A972D55-D443-4E62-92A4-1DE579A5339C}
	EndGlobalSection
EndGlobal
